
Microsoft Visual Studio Solution File, Format Version 12.00
# Visual Studio Version 17
VisualStudioVersion = 17.10.35027.167
MinimumVisualStudioVersion = 10.0.40219.1
Project("{8BC9CEB8-8B4A-11D0-8D11-00A0C91BC942}") = "Real-time-Particle-Simulation-with-CUDA", "Real-time-Particle-Simulation-with-CUDA.vcxproj", "{FFB4BC67-3A34-48AF-AE2C-075578AE9E17}"
EndProject
Global
	GlobalSection(SolutionConfigurationPlatforms) = preSolution
		Debug|x64 = Debug|x64
		Release|x64 = Release|x64
	EndGlobalSection
	GlobalSection(ProjectConfigurationPlatforms) = postSolution
		{FFB4BC67-3A34-48AF-AE2C-075578AE9E17}.Debug|x64.ActiveCfg = Debug|x64
		{FFB4BC67-3A34-48AF-AE2C-075578AE9E17}.Debug|x64.Build.0 = Debug|x64
		{FFB4BC67-3A34-48AF-AE2C-075578AE9E17}.Release|x64.ActiveCfg = Release|x64
		{FFB4BC67-3A34-48AF-AE2C-075578AE9E17}.Release|x64.Build.0 = Release|x64
	EndGlobalSection
	GlobalSection(SolutionProperties) = preSolution
		HideSolutionNode = FALSE
	EndGlobalSection
	GlobalSection(ExtensibilityGlobals) = postSolution
		SolutionGuid = {7CFC5ECB-CC3F-410B-AB27-FE23EA429031}
	EndGlobalSection
EndGlobal
